
Microsoft Visual Studio Solution File, Format Version 12.00
# Visual Studio 15
VisualStudioVersion = 15.0.28010.2046
MinimumVisualStudioVersion = 10.0.40219.1
Project("{FAE04EC0-301F-11D3-BF4B-00C04F79EFBC}") = "RemindXamarin.Android", "RemindXamarin\RemindXamarin.Android\RemindXamarin.Android.csproj", "{51757571-1E10-4D7A-8AD7-47F65CB1000A}"
EndProject
Project("{9A19103F-16F7-4668-BE54-9A1E7A4F7556}") = "RemindXamarin", "RemindXamarin\RemindXamarin\RemindXamarin.csproj", "{4B4AD95D-72D5-4CD0-88AB-F9D7B1E802E6}"
EndProject
Global
	GlobalSection(SolutionConfigurationPlatforms) = preSolution
		Debug|Any CPU = Debug|Any CPU
		Debug|iPhone = Debug|iPhone
		Debug|iPhoneSimulator = Debug|iPhoneSimulator
		Release|Any CPU = Release|Any CPU
		Release|iPhone = Release|iPhone
		Release|iPhoneSimulator = Release|iPhoneSimulator
	EndGlobalSection
	GlobalSection(ProjectConfigurationPlatforms) = postSolution
		{51757571-1E10-4D7A-8AD7-47F65CB1000A}.Debug|Any CPU.ActiveCfg = Debug|Any CPU
		{51757571-1E10-4D7A-8AD7-47F65CB1000A}.Debug|Any CPU.Build.0 = Debug|Any CPU
		{51757571-1E10-4D7A-8AD7-47F65CB1000A}.Debug|Any CPU.Deploy.0 = Debug|Any CPU
		{51757571-1E10-4D7A-8AD7-47F65CB1000A}.Debug|iPhone.ActiveCfg = Debug|Any CPU
		{51757571-1E10-4D7A-8AD7-47F65CB1000A}.Debug|iPhone.Build.0 = Debug|Any CPU
		{51757571-1E10-4D7A-8AD7-47F65CB1000A}.Debug|iPhone.Deploy.0 = Debug|Any CPU
		{51757571-1E10-4D7A-8AD7-47F65CB1000A}.Debug|iPhoneSimulator.ActiveCfg = Debug|Any CPU
		{51757571-1E10-4D7A-8AD7-47F65CB1000A}.Debug|iPhoneSimulator.Build.0 = Debug|Any CPU
		{51757571-1E10-4D7A-8AD7-47F65CB1000A}.Debug|iPhoneSimulator.Deploy.0 = Debug|Any CPU
		{51757571-1E10-4D7A-8AD7-47F65CB1000A}.Release|Any CPU.ActiveCfg = Release|Any CPU
		{51757571-1E10-4D7A-8AD7-47F65CB1000A}.Release|Any CPU.Build.0 = Release|Any CPU
		{51757571-1E10-4D7A-8AD7-47F65CB1000A}.Release|Any CPU.Deploy.0 = Release|Any CPU
		{51757571-1E10-4D7A-8AD7-47F65CB1000A}.Release|iPhone.ActiveCfg = Release|Any CPU
		{51757571-1E10-4D7A-8AD7-47F65CB1000A}.Release|iPhone.Build.0 = Release|Any CPU
		{51757571-1E10-4D7A-8AD7-47F65CB1000A}.Release|iPhone.Deploy.0 = Release|Any CPU
		{51757571-1E10-4D7A-8AD7-47F65CB1000A}.Release|iPhoneSimulator.ActiveCfg = Release|Any CPU
		{51757571-1E10-4D7A-8AD7-47F65CB1000A}.Release|iPhoneSimulator.Build.0 = Release|Any CPU
		{51757571-1E10-4D7A-8AD7-47F65CB1000A}.Release|iPhoneSimulator.Deploy.0 = Release|Any CPU
		{4B4AD95D-72D5-4CD0-88AB-F9D7B1E802E6}.Debug|Any CPU.ActiveCfg = Debug|Any CPU
		{4B4AD95D-72D5-4CD0-88AB-F9D7B1E802E6}.Debug|Any CPU.Build.0 = Debug|Any CPU
		{4B4AD95D-72D5-4CD0-88AB-F9D7B1E802E6}.Debug|Any CPU.Deploy.0 = Debug|Any CPU
		{4B4AD95D-72D5-4CD0-88AB-F9D7B1E802E6}.Debug|iPhone.ActiveCfg = Debug|Any CPU
		{4B4AD95D-72D5-4CD0-88AB-F9D7B1E802E6}.Debug|iPhone.Build.0 = Debug|Any CPU
		{4B4AD95D-72D5-4CD0-88AB-F9D7B1E802E6}.Debug|iPhone.Deploy.0 = Debug|Any CPU
		{4B4AD95D-72D5-4CD0-88AB-F9D7B1E802E6}.Debug|iPhoneSimulator.ActiveCfg = Debug|Any CPU
		{4B4AD95D-72D5-4CD0-88AB-F9D7B1E802E6}.Debug|iPhoneSimulator.Build.0 = Debug|Any CPU
		{4B4AD95D-72D5-4CD0-88AB-F9D7B1E802E6}.Debug|iPhoneSimulator.Deploy.0 = Debug|Any CPU
		{4B4AD95D-72D5-4CD0-88AB-F9D7B1E802E6}.Release|Any CPU.ActiveCfg = Release|Any CPU
		{4B4AD95D-72D5-4CD0-88AB-F9D7B1E802E6}.Release|Any CPU.Build.0 = Release|Any CPU
		{4B4AD95D-72D5-4CD0-88AB-F9D7B1E802E6}.Release|Any CPU.Deploy.0 = Release|Any CPU
		{4B4AD95D-72D5-4CD0-88AB-F9D7B1E802E6}.Release|iPhone.ActiveCfg = Release|Any CPU
		{4B4AD95D-72D5-4CD0-88AB-F9D7B1E802E6}.Release|iPhone.Build.0 = Release|Any CPU
		{4B4AD95D-72D5-4CD0-88AB-F9D7B1E802E6}.Release|iPhone.Deploy.0 = Release|Any CPU
		{4B4AD95D-72D5-4CD0-88AB-F9D7B1E802E6}.Release|iPhoneSimulator.ActiveCfg = Release|Any CPU
		{4B4AD95D-72D5-4CD0-88AB-F9D7B1E802E6}.Release|iPhoneSimulator.Build.0 = Release|Any CPU
		{4B4AD95D-72D5-4CD0-88AB-F9D7B1E802E6}.Release|iPhoneSimulator.Deploy.0 = Release|Any CPU
	EndGlobalSection
	GlobalSection(SolutionProperties) = preSolution
		HideSolutionNode = FALSE
	EndGlobalSection
	GlobalSection(ExtensibilityGlobals) = postSolution
		SolutionGuid = {24D290E1-6BD2-4ECA-B666-DD2D265A1B8C}
	EndGlobalSection
EndGlobal
